
Microsoft Visual Studio Solution File, Format Version 12.00
# Visual Studio Version 16
VisualStudioVersion = 16.0.29318.209
MinimumVisualStudioVersion = 10.0.40219.1
Project("{FAE04EC0-301F-11D3-BF4B-00C04F79EFBC}") = "Empower", "Empower\Empower.csproj", "{D847B749-394E-4932-A392-B3C5CB1E03C3}"
EndProject
Global
	GlobalSection(SolutionConfigurationPlatforms) = preSolution
		Debug|Any CPU = Debug|Any CPU
		Release|Any CPU = Release|Any CPU
	EndGlobalSection
	GlobalSection(ProjectConfigurationPlatforms) = postSolution
		{D847B749-394E-4932-A392-B3C5CB1E03C3}.Debug|Any CPU.ActiveCfg = Debug|Any CPU
		{D847B749-394E-4932-A392-B3C5CB1E03C3}.Debug|Any CPU.Build.0 = Debug|Any CPU
		{D847B749-394E-4932-A392-B3C5CB1E03C3}.Release|Any CPU.ActiveCfg = Release|Any CPU
		{D847B749-394E-4932-A392-B3C5CB1E03C3}.Release|Any CPU.Build.0 = Release|Any CPU
	EndGlobalSection
	GlobalSection(SolutionProperties) = preSolution
		HideSolutionNode = FALSE
	EndGlobalSection
	GlobalSection(ExtensibilityGlobals) = postSolution
		SolutionGuid = {F4E8D4FD-A175-45CB-AE8E-59E9A99B48F5}
	EndGlobalSection
EndGlobal
